
Microsoft Visual Studio Solution File, Format Version 12.00
# Visual Studio Version 17
VisualStudioVersion = 17.12.35527.113
MinimumVisualStudioVersion = 10.0.40219.1
Project("{FAE04EC0-301F-11D3-BF4B-00C04F79EFBC}") = "EyePocket", "EyePocket.csproj", "{3C6046CC-607B-43A6-92BD-9B88013E8261}"
EndProject
Global
	GlobalSection(SolutionConfigurationPlatforms) = preSolution
		Debug|Any CPU = Debug|Any CPU
		Release|Any CPU = Release|Any CPU
	EndGlobalSection
	GlobalSection(ProjectConfigurationPlatforms) = postSolution
		{3C6046CC-607B-43A6-92BD-9B88013E8261}.Debug|Any CPU.ActiveCfg = Debug|Any CPU
		{3C6046CC-607B-43A6-92BD-9B88013E8261}.Debug|Any CPU.Build.0 = Debug|Any CPU
		{3C6046CC-607B-43A6-92BD-9B88013E8261}.Release|Any CPU.ActiveCfg = Release|Any CPU
		{3C6046CC-607B-43A6-92BD-9B88013E8261}.Release|Any CPU.Build.0 = Release|Any CPU
	EndGlobalSection
	GlobalSection(SolutionProperties) = preSolution
		HideSolutionNode = FALSE
	EndGlobalSection
	GlobalSection(ExtensibilityGlobals) = postSolution
		SolutionGuid = {F73B4AE4-90E1-42FB-AFAA-C0DB8FEC0157}
	EndGlobalSection
EndGlobal
